# This file is autogenerated, do not edit; changes may be undone by the next 'dep ensure'.


[[projects]]
  name = "github.com/go-ini/ini"
  packages = ["."]
  revision = "6333e38ac20b8949a8dd68baa3650f4dee8f39f0"
  version = "v1.33.0"

[solve-meta]
  analyzer-name = "dep"
  analyzer-version = 1
  inputs-digest = "2a1a840e06e6ade0dd5c6ac1c7892ca9d33dac513f6c4716b5c26bfa3a4930cd"
  solver-name = "gps-cdcl"
  solver-version = 1
